
Microsoft Visual Studio Solution File, Format Version 12.00
# Visual Studio 2012
Project("{F184B08F-C81C-45F6-A57F-5ABD9991F28F}") = "ForJenkins", "ForJenkins\ForJenkins.vbproj", "{0AA91FA2-2D5D-4D36-B645-F3B8BD23191E}"
EndProject
Global
	GlobalSection(SolutionConfigurationPlatforms) = preSolution
		Debug|Any CPU = Debug|Any CPU
		Release|Any CPU = Release|Any CPU
	EndGlobalSection
	GlobalSection(ProjectConfigurationPlatforms) = postSolution
		{0AA91FA2-2D5D-4D36-B645-F3B8BD23191E}.Debug|Any CPU.ActiveCfg = Debug|Any CPU
		{0AA91FA2-2D5D-4D36-B645-F3B8BD23191E}.Debug|Any CPU.Build.0 = Debug|Any CPU
		{0AA91FA2-2D5D-4D36-B645-F3B8BD23191E}.Release|Any CPU.ActiveCfg = Release|Any CPU
		{0AA91FA2-2D5D-4D36-B645-F3B8BD23191E}.Release|Any CPU.Build.0 = Release|Any CPU
	EndGlobalSection
	GlobalSection(SolutionProperties) = preSolution
		HideSolutionNode = FALSE
	EndGlobalSection
EndGlobal
